
Microsoft Visual Studio Solution File, Format Version 12.00
# Visual Studio Version 17
VisualStudioVersion = 17.8.34330.188
MinimumVisualStudioVersion = 10.0.40219.1
Project("{9A19103F-16F7-4668-BE54-9A1E7A4F7556}") = "MoodAnalyser", "MoodAnalyser\MoodAnalyser.csproj", "{4294C1FE-8AE6-40D5-9B79-C3E2492E576D}"
EndProject
Project("{FAE04EC0-301F-11D3-BF4B-00C04F79EFBC}") = "MoodAnalyserTest", "MoodAnalyserTest\MoodAnalyserTest.csproj", "{1EC95101-4920-4967-9663-DA517B3A515D}"
EndProject
Global
	GlobalSection(SolutionConfigurationPlatforms) = preSolution
		Debug|Any CPU = Debug|Any CPU
		Release|Any CPU = Release|Any CPU
	EndGlobalSection
	GlobalSection(ProjectConfigurationPlatforms) = postSolution
		{4294C1FE-8AE6-40D5-9B79-C3E2492E576D}.Debug|Any CPU.ActiveCfg = Debug|Any CPU
		{4294C1FE-8AE6-40D5-9B79-C3E2492E576D}.Debug|Any CPU.Build.0 = Debug|Any CPU
		{4294C1FE-8AE6-40D5-9B79-C3E2492E576D}.Release|Any CPU.ActiveCfg = Release|Any CPU
		{4294C1FE-8AE6-40D5-9B79-C3E2492E576D}.Release|Any CPU.Build.0 = Release|Any CPU
		{1EC95101-4920-4967-9663-DA517B3A515D}.Debug|Any CPU.ActiveCfg = Debug|Any CPU
		{1EC95101-4920-4967-9663-DA517B3A515D}.Debug|Any CPU.Build.0 = Debug|Any CPU
		{1EC95101-4920-4967-9663-DA517B3A515D}.Release|Any CPU.ActiveCfg = Release|Any CPU
		{1EC95101-4920-4967-9663-DA517B3A515D}.Release|Any CPU.Build.0 = Release|Any CPU
	EndGlobalSection
	GlobalSection(SolutionProperties) = preSolution
		HideSolutionNode = FALSE
	EndGlobalSection
	GlobalSection(ExtensibilityGlobals) = postSolution
		SolutionGuid = {A90AEFDF-20E8-4021-A8C8-09B1AD5B02B9}
	EndGlobalSection
EndGlobal
